
Microsoft Visual Studio Solution File, Format Version 12.00
# Visual Studio Version 17
VisualStudioVersion = 17.14.36915.13
MinimumVisualStudioVersion = 10.0.40219.1
Project("{FAE04EC0-301F-11D3-BF4B-00C04F79EFBC}") = "Models", "SistemaVoto\Models.csproj", "{05FBE3FA-732C-4652-9E48-484255233D66}"
EndProject
Project("{FAE04EC0-301F-11D3-BF4B-00C04F79EFBC}") = "SistemaVoto.API", "SistemaVoto.API\SistemaVoto.API.csproj", "{4F3A2BE6-CE60-4987-B8BF-5EAA504A6B8E}"
EndProject
Project("{FAE04EC0-301F-11D3-BF4B-00C04F79EFBC}") = "SistemaVoto.Web", "SistemaVoto.Web\SistemaVoto.Web.csproj", "{C262E3C1-55A9-4A45-B184-3A6D8E074CC0}"
EndProject
Global
	GlobalSection(SolutionConfigurationPlatforms) = preSolution
		Debug|Any CPU = Debug|Any CPU
		Release|Any CPU = Release|Any CPU
	EndGlobalSection
	GlobalSection(ProjectConfigurationPlatforms) = postSolution
		{05FBE3FA-732C-4652-9E48-484255233D66}.Debug|Any CPU.ActiveCfg = Debug|Any CPU
		{05FBE3FA-732C-4652-9E48-484255233D66}.Debug|Any CPU.Build.0 = Debug|Any CPU
		{05FBE3FA-732C-4652-9E48-484255233D66}.Release|Any CPU.ActiveCfg = Release|Any CPU
		{05FBE3FA-732C-4652-9E48-484255233D66}.Release|Any CPU.Build.0 = Release|Any CPU
		{4F3A2BE6-CE60-4987-B8BF-5EAA504A6B8E}.Debug|Any CPU.ActiveCfg = Debug|Any CPU
		{4F3A2BE6-CE60-4987-B8BF-5EAA504A6B8E}.Debug|Any CPU.Build.0 = Debug|Any CPU
		{4F3A2BE6-CE60-4987-B8BF-5EAA504A6B8E}.Release|Any CPU.ActiveCfg = Release|Any CPU
		{4F3A2BE6-CE60-4987-B8BF-5EAA504A6B8E}.Release|Any CPU.Build.0 = Release|Any CPU
		{C262E3C1-55A9-4A45-B184-3A6D8E074CC0}.Debug|Any CPU.ActiveCfg = Debug|Any CPU
		{C262E3C1-55A9-4A45-B184-3A6D8E074CC0}.Debug|Any CPU.Build.0 = Debug|Any CPU
		{C262E3C1-55A9-4A45-B184-3A6D8E074CC0}.Release|Any CPU.ActiveCfg = Release|Any CPU
		{C262E3C1-55A9-4A45-B184-3A6D8E074CC0}.Release|Any CPU.Build.0 = Release|Any CPU
	EndGlobalSection
	GlobalSection(SolutionProperties) = preSolution
		HideSolutionNode = FALSE
	EndGlobalSection
	GlobalSection(ExtensibilityGlobals) = postSolution
		SolutionGuid = {F1E722DE-D3D4-4B6C-B814-F54D2C724F41}
	EndGlobalSection
EndGlobal
